{
  "nodes": {
    "nixpkgs": {
      "locked": {
        "lastModified": 1648065016,
        "narHash": "sha256-H1+uesSA0vsSWaPey5KbYdE+D67gXBJNk3Z/HE00M3M=",
        "owner": "NixOS",
        "repo": "nixpkgs",
        "rev": "c984213d12225fa5feb640136872da56d2e8f702",
        "type": "github"
      },
      "original": {
        "owner": "NixOS",
        "ref": "nixpkgs-unstable",
        "repo": "nixpkgs",
        "type": "github"
      }
    },
    "root": {
      "inputs": {
        "nixpkgs": "nixpkgs",
        "utils": "utils"
      }
    },
    "utils": {
      "locked": {
        "lastModified": 1644229661,
        "narHash": "sha256-1YdnJAsNy69bpcjuoKdOYQX0YxZBiCYZo4Twxerqv7k=",
        "owner": "numtide",
        "repo": "flake-utils",
        "rev": "3cecb5b042f7f209c56ffd8371b2711a290ec797",
        "type": "github"
      },
      "original": {
        "owner": "numtide",
        "repo": "flake-utils",
        "type": "github"
      }
    }
  },
  "root": "root",
  "version": 7
}
